
Microsoft Visual Studio Solution File, Format Version 12.00
# Visual Studio for Mac
Project("{FAE04EC0-301F-11D3-BF4B-00C04F79EFBC}") = "VuforiaScripts", "VuforiaScripts.csproj", "{67E05294-D63C-F024-634F-ECE024D3B538}"
EndProject
Project("{FAE04EC0-301F-11D3-BF4B-00C04F79EFBC}") = "Assembly-CSharp", "Assembly-CSharp.csproj", "{90CDE14C-D642-D99F-53C5-5856E935306A}"
EndProject
Project("{FAE04EC0-301F-11D3-BF4B-00C04F79EFBC}") = "VuforiaEditorScripts", "VuforiaEditorScripts.csproj", "{1F528253-3AD7-AC1D-28C1-172CF3214C14}"
EndProject
Global
	GlobalSection(SolutionConfigurationPlatforms) = preSolution
		Debug|Any CPU = Debug|Any CPU
		Release|Any CPU = Release|Any CPU
	EndGlobalSection
	GlobalSection(ProjectConfigurationPlatforms) = postSolution
		{67E05294-D63C-F024-634F-ECE024D3B538}.Debug|Any CPU.ActiveCfg = Debug|Any CPU
		{67E05294-D63C-F024-634F-ECE024D3B538}.Debug|Any CPU.Build.0 = Debug|Any CPU
		{67E05294-D63C-F024-634F-ECE024D3B538}.Release|Any CPU.ActiveCfg = Release|Any CPU
		{67E05294-D63C-F024-634F-ECE024D3B538}.Release|Any CPU.Build.0 = Release|Any CPU
		{90CDE14C-D642-D99F-53C5-5856E935306A}.Debug|Any CPU.ActiveCfg = Debug|Any CPU
		{90CDE14C-D642-D99F-53C5-5856E935306A}.Debug|Any CPU.Build.0 = Debug|Any CPU
		{90CDE14C-D642-D99F-53C5-5856E935306A}.Release|Any CPU.ActiveCfg = Release|Any CPU
		{90CDE14C-D642-D99F-53C5-5856E935306A}.Release|Any CPU.Build.0 = Release|Any CPU
		{1F528253-3AD7-AC1D-28C1-172CF3214C14}.Debug|Any CPU.ActiveCfg = Debug|Any CPU
		{1F528253-3AD7-AC1D-28C1-172CF3214C14}.Debug|Any CPU.Build.0 = Debug|Any CPU
		{1F528253-3AD7-AC1D-28C1-172CF3214C14}.Release|Any CPU.ActiveCfg = Release|Any CPU
		{1F528253-3AD7-AC1D-28C1-172CF3214C14}.Release|Any CPU.Build.0 = Release|Any CPU
	EndGlobalSection
	GlobalSection(SolutionProperties) = preSolution
		HideSolutionNode = FALSE
	EndGlobalSection
EndGlobal
